
Microsoft Visual Studio Solution File, Format Version 12.00
# Visual Studio Version 17
VisualStudioVersion = 17.2.32630.192
MinimumVisualStudioVersion = 10.0.40219.1
Project("{F184B08F-C81C-45F6-A57F-5ABD9991F28F}") = "Tic Tac Toe", "Tic Tac Toe\Tic Tac Toe.vbproj", "{12772C70-AE70-4EB5-A7EA-3938DCD93AEA}"
EndProject
Global
	GlobalSection(SolutionConfigurationPlatforms) = preSolution
		Debug|Any CPU = Debug|Any CPU
		Release|Any CPU = Release|Any CPU
	EndGlobalSection
	GlobalSection(ProjectConfigurationPlatforms) = postSolution
		{12772C70-AE70-4EB5-A7EA-3938DCD93AEA}.Debug|Any CPU.ActiveCfg = Debug|Any CPU
		{12772C70-AE70-4EB5-A7EA-3938DCD93AEA}.Debug|Any CPU.Build.0 = Debug|Any CPU
		{12772C70-AE70-4EB5-A7EA-3938DCD93AEA}.Release|Any CPU.ActiveCfg = Release|Any CPU
		{12772C70-AE70-4EB5-A7EA-3938DCD93AEA}.Release|Any CPU.Build.0 = Release|Any CPU
	EndGlobalSection
	GlobalSection(SolutionProperties) = preSolution
		HideSolutionNode = FALSE
	EndGlobalSection
	GlobalSection(ExtensibilityGlobals) = postSolution
		SolutionGuid = {0F0BC971-903C-4ED9-813E-D4F50ECA976F}
	EndGlobalSection
EndGlobal
