
Microsoft Visual Studio Solution File, Format Version 12.00
# Visual Studio Version 17
VisualStudioVersion = 17.2.32630.192
MinimumVisualStudioVersion = 10.0.40219.1
Project("{F184B08F-C81C-45F6-A57F-5ABD9991F28F}") = "Multi-Form", "Multi-Form\Multi-Form.vbproj", "{5BAFD56C-0C70-4188-ABB0-0D4B0A197E77}"
EndProject
Global
	GlobalSection(SolutionConfigurationPlatforms) = preSolution
		Debug|Any CPU = Debug|Any CPU
		Release|Any CPU = Release|Any CPU
	EndGlobalSection
	GlobalSection(ProjectConfigurationPlatforms) = postSolution
		{5BAFD56C-0C70-4188-ABB0-0D4B0A197E77}.Debug|Any CPU.ActiveCfg = Debug|Any CPU
		{5BAFD56C-0C70-4188-ABB0-0D4B0A197E77}.Debug|Any CPU.Build.0 = Debug|Any CPU
		{5BAFD56C-0C70-4188-ABB0-0D4B0A197E77}.Release|Any CPU.ActiveCfg = Release|Any CPU
		{5BAFD56C-0C70-4188-ABB0-0D4B0A197E77}.Release|Any CPU.Build.0 = Release|Any CPU
	EndGlobalSection
	GlobalSection(SolutionProperties) = preSolution
		HideSolutionNode = FALSE
	EndGlobalSection
	GlobalSection(ExtensibilityGlobals) = postSolution
		SolutionGuid = {7A075C20-E1FF-4C42-8185-CEEFACB20255}
	EndGlobalSection
EndGlobal
